// !$*UTF8*$!
{
	archiveVersion = 1;
	classes = {
	};
	objectVersion = 48;
	objects = {

/* Begin PBXBuildFile section */
		1F561D2E2061C37D00574EFA /* AppDelegate.swift in Sources */ = {isa = PBXBuildFile; fileRef = 1F561D2D2061C37D00574EFA /* AppDelegate.swift */; };
		1F561D302061C37D00574EFA /* CitiesViewController.swift in Sources */ = {isa = PBXBuildFile; fileRef = 1F561D2F2061C37D00574EFA /* CitiesViewController.swift */; };
		1F561D332061C37D00574EFA /* Main.storyboard in Resources */ = {isa = PBXBuildFile; fileRef = 1F561D312061C37D00574EFA /* Main.storyboard */; };
		1F561D352061C37D00574EFA /* Assets.xcassets in Resources */ = {isa = PBXBuildFile; fileRef = 1F561D342061C37D00574EFA /* Assets.xcassets */; };
		1F561D382061C37D00574EFA /* LaunchScreen.storyboard in Resources */ = {isa = PBXBuildFile; fileRef = 1F561D362061C37D00574EFA /* LaunchScreen.storyboard */; };
		1F561D422061C89100574EFA /* ApiService.swift in Sources */ = {isa = PBXBuildFile; fileRef = 1F561D412061C89100574EFA /* ApiService.swift */; };
		1F5BF72720654C6B007C083A /* CitiesViewController+searchBar.swift in Sources */ = {isa = PBXBuildFile; fileRef = 1F5BF72620654C6B007C083A /* CitiesViewController+searchBar.swift */; };
		1F5BF72F20656102007C083A /* BaseCell.swift in Sources */ = {isa = PBXBuildFile; fileRef = 1F5BF72E20656102007C083A /* BaseCell.swift */; };
		1F5BF73120656496007C083A /* NextLetterCell.swift in Sources */ = {isa = PBXBuildFile; fileRef = 1F5BF73020656496007C083A /* NextLetterCell.swift */; };
		1FAA2EFF2061CD6800E1EC57 /* City.swift in Sources */ = {isa = PBXBuildFile; fileRef = 1FAA2EFE2061CD6800E1EC57 /* City.swift */; };
		1FAA2F012061D74C00E1EC57 /* CityCell.swift in Sources */ = {isa = PBXBuildFile; fileRef = 1FAA2F002061D74C00E1EC57 /* CityCell.swift */; };
		1FAA2F042061DA2500E1EC57 /* CitiesViewController+tableView.swift in Sources */ = {isa = PBXBuildFile; fileRef = 1FAA2F032061DA2500E1EC57 /* CitiesViewController+tableView.swift */; };
		1FAA2F0720631C5B00E1EC57 /* Extensions.swift in Sources */ = {isa = PBXBuildFile; fileRef = 1FAA2F0620631C5B00E1EC57 /* Extensions.swift */; };
		B2653442E67EC08CFD26D8D1 /* Pods_TicketMachine.framework in Frameworks */ = {isa = PBXBuildFile; fileRef = 75389EE200B2A905B7645E57 /* Pods_TicketMachine.framework */; };
/* End PBXBuildFile section */

/* Begin PBXFileReference section */
		1F561D2A2061C37D00574EFA /* TicketMachine.app */ = {isa = PBXFileReference; explicitFileType = wrapper.application; includeInIndex = 0; path = TicketMachine.app; sourceTree = BUILT_PRODUCTS_DIR; };
		1F561D2D2061C37D00574EFA /* AppDelegate.swift */ = {isa = PBXFileReference; lastKnownFileType = sourcecode.swift; path = AppDelegate.swift; sourceTree = "<group>"; };
		1F561D2F2061C37D00574EFA /* CitiesViewController.swift */ = {isa = PBXFileReference; lastKnownFileType = sourcecode.swift; path = CitiesViewController.swift; sourceTree = "<group>"; };
		1F561D322061C37D00574EFA /* Base */ = {isa = PBXFileReference; lastKnownFileType = file.storyboard; name = Base; path = Base.lproj/Main.storyboard; sourceTree = "<group>"; };
		1F561D342061C37D00574EFA /* Assets.xcassets */ = {isa = PBXFileReference; lastKnownFileType = folder.assetcatalog; path = Assets.xcassets; sourceTree = "<group>"; };
		1F561D372061C37D00574EFA /* Base */ = {isa = PBXFileReference; lastKnownFileType = file.storyboard; name = Base; path = Base.lproj/LaunchScreen.storyboard; sourceTree = "<group>"; };
		1F561D392061C37D00574EFA /* Info.plist */ = {isa = PBXFileReference; lastKnownFileType = text.plist.xml; path = Info.plist; sourceTree = "<group>"; };
		1F561D412061C89100574EFA /* ApiService.swift */ = {isa = PBXFileReference; lastKnownFileType = sourcecode.swift; path = ApiService.swift; sourceTree = "<group>"; };
		1F5BF72620654C6B007C083A /* CitiesViewController+searchBar.swift */ = {isa = PBXFileReference; lastKnownFileType = sourcecode.swift; path = "CitiesViewController+searchBar.swift"; sourceTree = "<group>"; };
		1F5BF72E20656102007C083A /* BaseCell.swift */ = {isa = PBXFileReference; lastKnownFileType = sourcecode.swift; path = BaseCell.swift; sourceTree = "<group>"; };
		1F5BF73020656496007C083A /* NextLetterCell.swift */ = {isa = PBXFileReference; lastKnownFileType = sourcecode.swift; path = NextLetterCell.swift; sourceTree = "<group>"; };
		1FAA2EFE2061CD6800E1EC57 /* City.swift */ = {isa = PBXFileReference; lastKnownFileType = sourcecode.swift; path = City.swift; sourceTree = "<group>"; };
		1FAA2F002061D74C00E1EC57 /* CityCell.swift */ = {isa = PBXFileReference; lastKnownFileType = sourcecode.swift; path = CityCell.swift; sourceTree = "<group>"; };
		1FAA2F032061DA2500E1EC57 /* CitiesViewController+tableView.swift */ = {isa = PBXFileReference; lastKnownFileType = sourcecode.swift; path = "CitiesViewController+tableView.swift"; sourceTree = "<group>"; };
		1FAA2F0620631C5B00E1EC57 /* Extensions.swift */ = {isa = PBXFileReference; lastKnownFileType = sourcecode.swift; path = Extensions.swift; sourceTree = "<group>"; };
		2662AEFD0F17057EB90DD5B7 /* Pods-TicketMachine.release.xcconfig */ = {isa = PBXFileReference; includeInIndex = 1; lastKnownFileType = text.xcconfig; name = "Pods-TicketMachine.release.xcconfig"; path = "Pods/Target Support Files/Pods-TicketMachine/Pods-TicketMachine.release.xcconfig"; sourceTree = "<group>"; };
		75389EE200B2A905B7645E57 /* Pods_TicketMachine.framework */ = {isa = PBXFileReference; explicitFileType = wrapper.framework; includeInIndex = 0; path = Pods_TicketMachine.framework; sourceTree = BUILT_PRODUCTS_DIR; };
		F2AEFE2D972EDEB84B494D52 /* Pods-TicketMachine.debug.xcconfig */ = {isa = PBXFileReference; includeInIndex = 1; lastKnownFileType = text.xcconfig; name = "Pods-TicketMachine.debug.xcconfig"; path = "Pods/Target Support Files/Pods-TicketMachine/Pods-TicketMachine.debug.xcconfig"; sourceTree = "<group>"; };
/* End PBXFileReference section */

/* Begin PBXFrameworksBuildPhase section */
		1F561D272061C37D00574EFA /* Frameworks */ = {
			isa = PBXFrameworksBuildPhase;
			buildActionMask = 2147483647;
			files = (
				B2653442E67EC08CFD26D8D1 /* Pods_TicketMachine.framework in Frameworks */,
			);
			runOnlyForDeploymentPostprocessing = 0;
		};
/* End PBXFrameworksBuildPhase section */

/* Begin PBXGroup section */
		13D5E74013D5AB451306CEAB /* Pods */ = {
			isa = PBXGroup;
			children = (
				F2AEFE2D972EDEB84B494D52 /* Pods-TicketMachine.debug.xcconfig */,
				2662AEFD0F17057EB90DD5B7 /* Pods-TicketMachine.release.xcconfig */,
			);
			name = Pods;
			sourceTree = "<group>";
		};
		1F561D212061C37D00574EFA = {
			isa = PBXGroup;
			children = (
				1F561D2C2061C37D00574EFA /* TicketMachine */,
				1F561D2B2061C37D00574EFA /* Products */,
				13D5E74013D5AB451306CEAB /* Pods */,
				6FDB9DC3E78AAC7305CCD4CE /* Frameworks */,
			);
			sourceTree = "<group>";
		};
		1F561D2B2061C37D00574EFA /* Products */ = {
			isa = PBXGroup;
			children = (
				1F561D2A2061C37D00574EFA /* TicketMachine.app */,
			);
			name = Products;
			sourceTree = "<group>";
		};
		1F561D2C2061C37D00574EFA /* TicketMachine */ = {
			isa = PBXGroup;
			children = (
				1FAA2F0520631C4500E1EC57 /* Extensions */,
				1FAA2F022061D75200E1EC57 /* Views */,
				1FAA2EFD2061CCE400E1EC57 /* Model */,
				1F561D402061C87F00574EFA /* Api */,
				1F561D3F2061C44300574EFA /* Controllers */,
				1F561D2D2061C37D00574EFA /* AppDelegate.swift */,
				1F561D312061C37D00574EFA /* Main.storyboard */,
				1F561D342061C37D00574EFA /* Assets.xcassets */,
				1F561D362061C37D00574EFA /* LaunchScreen.storyboard */,
				1F561D392061C37D00574EFA /* Info.plist */,
			);
			path = TicketMachine;
			sourceTree = "<group>";
		};
		1F561D3F2061C44300574EFA /* Controllers */ = {
			isa = PBXGroup;
			children = (
				1F561D2F2061C37D00574EFA /* CitiesViewController.swift */,
				1FAA2F032061DA2500E1EC57 /* CitiesViewController+tableView.swift */,
				1F5BF72620654C6B007C083A /* CitiesViewController+searchBar.swift */,
			);
			path = Controllers;
			sourceTree = "<group>";
		};
		1F561D402061C87F00574EFA /* Api */ = {
			isa = PBXGroup;
			children = (
				1F561D412061C89100574EFA /* ApiService.swift */,
			);
			path = Api;
			sourceTree = "<group>";
		};
		1FAA2EFD2061CCE400E1EC57 /* Model */ = {
			isa = PBXGroup;
			children = (
				1FAA2EFE2061CD6800E1EC57 /* City.swift */,
			);
			path = Model;
			sourceTree = "<group>";
		};
		1FAA2F022061D75200E1EC57 /* Views */ = {
			isa = PBXGroup;
			children = (
				1FAA2F002061D74C00E1EC57 /* CityCell.swift */,
				1F5BF72E20656102007C083A /* BaseCell.swift */,
				1F5BF73020656496007C083A /* NextLetterCell.swift */,
			);
			name = Views;
			path = "New Group";
			sourceTree = "<group>";
		};
		1FAA2F0520631C4500E1EC57 /* Extensions */ = {
			isa = PBXGroup;
			children = (
				1FAA2F0620631C5B00E1EC57 /* Extensions.swift */,
			);
			path = Extensions;
			sourceTree = "<group>";
		};
		6FDB9DC3E78AAC7305CCD4CE /* Frameworks */ = {
			isa = PBXGroup;
			children = (
				75389EE200B2A905B7645E57 /* Pods_TicketMachine.framework */,
			);
			name = Frameworks;
			sourceTree = "<group>";
		};
/* End PBXGroup section */

/* Begin PBXNativeTarget section */
		1F561D292061C37D00574EFA /* TicketMachine */ = {
			isa = PBXNativeTarget;
			buildConfigurationList = 1F561D3C2061C37D00574EFA /* Build configuration list for PBXNativeTarget "TicketMachine" */;
			buildPhases = (
				80258C3AF0DCF56CBDA978BA /* [CP] Check Pods Manifest.lock */,
				1F561D262061C37D00574EFA /* Sources */,
				1F561D272061C37D00574EFA /* Frameworks */,
				1F561D282061C37D00574EFA /* Resources */,
				D78D18C273E255E5B877632B /* [CP] Embed Pods Frameworks */,
				ED32D16872F7569C1A5032D5 /* [CP] Copy Pods Resources */,
			);
			buildRules = (
			);
			dependencies = (
			);
			name = TicketMachine;
			productName = TicketMachine;
			productReference = 1F561D2A2061C37D00574EFA /* TicketMachine.app */;
			productType = "com.apple.product-type.application";
		};
/* End PBXNativeTarget section */

/* Begin PBXProject section */
		1F561D222061C37D00574EFA /* Project object */ = {
			isa = PBXProject;
			attributes = {
				LastSwiftUpdateCheck = 0920;
				LastUpgradeCheck = 0920;
				ORGANIZATIONNAME = "Nuno Pereira";
				TargetAttributes = {
					1F561D292061C37D00574EFA = {
						CreatedOnToolsVersion = 9.2;
						ProvisioningStyle = Automatic;
					};
				};
			};
			buildConfigurationList = 1F561D252061C37D00574EFA /* Build configuration list for PBXProject "TicketMachine" */;
			compatibilityVersion = "Xcode 8.0";
			developmentRegion = en;
			hasScannedForEncodings = 0;
			knownRegions = (
				en,
				Base,
			);
			mainGroup = 1F561D212061C37D00574EFA;
			productRefGroup = 1F561D2B2061C37D00574EFA /* Products */;
			projectDirPath = "";
			projectRoot = "";
			targets = (
				1F561D292061C37D00574EFA /* TicketMachine */,
			);
		};
/* End PBXProject section */

/* Begin PBXResourcesBuildPhase section */
		1F561D282061C37D00574EFA /* Resources */ = {
			isa = PBXResourcesBuildPhase;
			buildActionMask = 2147483647;
			files = (
				1F561D382061C37D00574EFA /* LaunchScreen.storyboard in Resources */,
				1F561D352061C37D00574EFA /* Assets.xcassets in Resources */,
				1F561D332061C37D00574EFA /* Main.storyboard in Resources */,
			);
			runOnlyForDeploymentPostprocessing = 0;
		};
/* End PBXResourcesBuildPhase section */

/* Begin PBXShellScriptBuildPhase section */
		80258C3AF0DCF56CBDA978BA /* [CP] Check Pods Manifest.lock */ = {
			isa = PBXShellScriptBuildPhase;
			buildActionMask = 2147483647;
			files = (
			);
			inputPaths = (
				"${PODS_PODFILE_DIR_PATH}/Podfile.lock",
				"${PODS_ROOT}/Manifest.lock",
			);
			name = "[CP] Check Pods Manifest.lock";
			outputPaths = (
				"$(DERIVED_FILE_DIR)/Pods-TicketMachine-checkManifestLockResult.txt",
			);
			runOnlyForDeploymentPostprocessing = 0;
			shellPath = /bin/sh;
			shellScript = "diff \"${PODS_PODFILE_DIR_PATH}/Podfile.lock\" \"${PODS_ROOT}/Manifest.lock\" > /dev/null\nif [ $? != 0 ] ; then\n    # print error to STDERR\n    echo \"error: The sandbox is not in sync with the Podfile.lock. Run 'pod install' or update your CocoaPods installation.\" >&2\n    exit 1\nfi\n# This output is used by Xcode 'outputs' to avoid re-running this script phase.\necho \"SUCCESS\" > \"${SCRIPT_OUTPUT_FILE_0}\"\n";
			showEnvVarsInLog = 0;
		};
		D78D18C273E255E5B877632B /* [CP] Embed Pods Frameworks */ = {
			isa = PBXShellScriptBuildPhase;
			buildActionMask = 2147483647;
			files = (
			);
			inputPaths = (
				"${SRCROOT}/Pods/Target Support Files/Pods-TicketMachine/Pods-TicketMachine-frameworks.sh",
				"${BUILT_PRODUCTS_DIR}/Alamofire/Alamofire.framework",
			);
			name = "[CP] Embed Pods Frameworks";
			outputPaths = (
				"${TARGET_BUILD_DIR}/${FRAMEWORKS_FOLDER_PATH}/Alamofire.framework",
			);
			runOnlyForDeploymentPostprocessing = 0;
			shellPath = /bin/sh;
			shellScript = "\"${SRCROOT}/Pods/Target Support Files/Pods-TicketMachine/Pods-TicketMachine-frameworks.sh\"\n";
			showEnvVarsInLog = 0;
		};
		ED32D16872F7569C1A5032D5 /* [CP] Copy Pods Resources */ = {
			isa = PBXShellScriptBuildPhase;
			buildActionMask = 2147483647;
			files = (
			);
			inputPaths = (
			);
			name = "[CP] Copy Pods Resources";
			outputPaths = (
			);
			runOnlyForDeploymentPostprocessing = 0;
			shellPath = /bin/sh;
			shellScript = "\"${SRCROOT}/Pods/Target Support Files/Pods-TicketMachine/Pods-TicketMachine-resources.sh\"\n";
			showEnvVarsInLog = 0;
		};
/* End PBXShellScriptBuildPhase section */

/* Begin PBXSourcesBuildPhase section */
		1F561D262061C37D00574EFA /* Sources */ = {
			isa = PBXSourcesBuildPhase;
			buildActionMask = 2147483647;
			files = (
				1FAA2EFF2061CD6800E1EC57 /* City.swift in Sources */,
				1FAA2F042061DA2500E1EC57 /* CitiesViewController+tableView.swift in Sources */,
				1F561D302061C37D00574EFA /* CitiesViewController.swift in Sources */,
				1FAA2F012061D74C00E1EC57 /* CityCell.swift in Sources */,
				1F5BF72F20656102007C083A /* BaseCell.swift in Sources */,
				1F5BF73120656496007C083A /* NextLetterCell.swift in Sources */,
				1F561D2E2061C37D00574EFA /* AppDelegate.swift in Sources */,
				1F5BF72720654C6B007C083A /* CitiesViewController+searchBar.swift in Sources */,
				1F561D422061C89100574EFA /* ApiService.swift in Sources */,
				1FAA2F0720631C5B00E1EC57 /* Extensions.swift in Sources */,
			);
			runOnlyForDeploymentPostprocessing = 0;
		};
/* End PBXSourcesBuildPhase section */

/* Begin PBXVariantGroup section */
		1F561D312061C37D00574EFA /* Main.storyboard */ = {
			isa = PBXVariantGroup;
			children = (
				1F561D322061C37D00574EFA /* Base */,
			);
			name = Main.storyboard;
			sourceTree = "<group>";
		};
		1F561D362061C37D00574EFA /* LaunchScreen.storyboard */ = {
			isa = PBXVariantGroup;
			children = (
				1F561D372061C37D00574EFA /* Base */,
			);
			name = LaunchScreen.storyboard;
			sourceTree = "<group>";
		};
/* End PBXVariantGroup section */

/* Begin XCBuildConfiguration section */
		1F561D3A2061C37D00574EFA /* Debug */ = {
			isa = XCBuildConfiguration;
			buildSettings = {
				ALWAYS_SEARCH_USER_PATHS = NO;
				CLANG_ANALYZER_NONNULL = YES;
				CLANG_ANALYZER_NUMBER_OBJECT_CONVERSION = YES_AGGRESSIVE;
				CLANG_CXX_LANGUAGE_STANDARD = "gnu++14";
				CLANG_CXX_LIBRARY = "libc++";
				CLANG_ENABLE_MODULES = YES;
				CLANG_ENABLE_OBJC_ARC = YES;
				CLANG_WARN_BLOCK_CAPTURE_AUTORELEASING = YES;
				CLANG_WARN_BOOL_CONVERSION = YES;
				CLANG_WARN_COMMA = YES;
				CLANG_WARN_CONSTANT_CONVERSION = YES;
				CLANG_WARN_DIRECT_OBJC_ISA_USAGE = YES_ERROR;
				CLANG_WARN_DOCUMENTATION_COMMENTS = YES;
				CLANG_WARN_EMPTY_BODY = YES;
				CLANG_WARN_ENUM_CONVERSION = YES;
				CLANG_WARN_INFINITE_RECURSION = YES;
				CLANG_WARN_INT_CONVERSION = YES;
				CLANG_WARN_NON_LITERAL_NULL_CONVERSION = YES;
				CLANG_WARN_OBJC_LITERAL_CONVERSION = YES;
				CLANG_WARN_OBJC_ROOT_CLASS = YES_ERROR;
				CLANG_WARN_RANGE_LOOP_ANALYSIS = YES;
				CLANG_WARN_STRICT_PROTOTYPES = YES;
				CLANG_WARN_SUSPICIOUS_MOVE = YES;
				CLANG_WARN_UNGUARDED_AVAILABILITY = YES_AGGRESSIVE;
				CLANG_WARN_UNREACHABLE_CODE = YES;
				CLANG_WARN__DUPLICATE_METHOD_MATCH = YES;
				CODE_SIGN_IDENTITY = "iPhone Developer";
				COPY_PHASE_STRIP = NO;
				DEBUG_INFORMATION_FORMAT = dwarf;
				ENABLE_STRICT_OBJC_MSGSEND = YES;
				ENABLE_TESTABILITY = YES;
				GCC_C_LANGUAGE_STANDARD = gnu11;
				GCC_DYNAMIC_NO_PIC = NO;
				GCC_NO_COMMON_BLOCKS = YES;
				GCC_OPTIMIZATION_LEVEL = 0;
				GCC_PREPROCESSOR_DEFINITIONS = (
					"DEBUG=1",
					"$(inherited)",
				);
				GCC_WARN_64_TO_32_BIT_CONVERSION = YES;
				GCC_WARN_ABOUT_RETURN_TYPE = YES_ERROR;
				GCC_WARN_UNDECLARED_SELECTOR = YES;
				GCC_WARN_UNINITIALIZED_AUTOS = YES_AGGRESSIVE;
				GCC_WARN_UNUSED_FUNCTION = YES;
				GCC_WARN_UNUSED_VARIABLE = YES;
				IPHONEOS_DEPLOYMENT_TARGET = 11.2;
				MTL_ENABLE_DEBUG_INFO = YES;
				ONLY_ACTIVE_ARCH = YES;
				SDKROOT = iphoneos;
				SWIFT_ACTIVE_COMPILATION_CONDITIONS = DEBUG;
				SWIFT_OPTIMIZATION_LEVEL = "-Onone";
			};
			name = Debug;
		};
		1F561D3B2061C37D00574EFA /* Release */ = {
			isa = XCBuildConfiguration;
			buildSettings = {
				ALWAYS_SEARCH_USER_PATHS = NO;
				CLANG_ANALYZER_NONNULL = YES;
				CLANG_ANALYZER_NUMBER_OBJECT_CONVERSION = YES_AGGRESSIVE;
				CLANG_CXX_LANGUAGE_STANDARD = "gnu++14";
				CLANG_CXX_LIBRARY = "libc++";
				CLANG_ENABLE_MODULES = YES;
				CLANG_ENABLE_OBJC_ARC = YES;
				CLANG_WARN_BLOCK_CAPTURE_AUTORELEASING = YES;
				CLANG_WARN_BOOL_CONVERSION = YES;
				CLANG_WARN_COMMA = YES;
				CLANG_WARN_CONSTANT_CONVERSION = YES;
				CLANG_WARN_DIRECT_OBJC_ISA_USAGE = YES_ERROR;
				CLANG_WARN_DOCUMENTATION_COMMENTS = YES;
				CLANG_WARN_EMPTY_BODY = YES;
				CLANG_WARN_ENUM_CONVERSION = YES;
				CLANG_WARN_INFINITE_RECURSION = YES;
				CLANG_WARN_INT_CONVERSION = YES;
				CLANG_WARN_NON_LITERAL_NULL_CONVERSION = YES;
				CLANG_WARN_OBJC_LITERAL_CONVERSION = YES;
				CLANG_WARN_OBJC_ROOT_CLASS = YES_ERROR;
				CLANG_WARN_RANGE_LOOP_ANALYSIS = YES;
				CLANG_WARN_STRICT_PROTOTYPES = YES;
				CLANG_WARN_SUSPICIOUS_MOVE = YES;
				CLANG_WARN_UNGUARDED_AVAILABILITY = YES_AGGRESSIVE;
				CLANG_WARN_UNREACHABLE_CODE = YES;
				CLANG_WARN__DUPLICATE_METHOD_MATCH = YES;
				CODE_SIGN_IDENTITY = "iPhone Developer";
				COPY_PHASE_STRIP = NO;
				DEBUG_INFORMATION_FORMAT = "dwarf-with-dsym";
				ENABLE_NS_ASSERTIONS = NO;
				ENABLE_STRICT_OBJC_MSGSEND = YES;
				GCC_C_LANGUAGE_STANDARD = gnu11;
				GCC_NO_COMMON_BLOCKS = YES;
				GCC_WARN_64_TO_32_BIT_CONVERSION = YES;
				GCC_WARN_ABOUT_RETURN_TYPE = YES_ERROR;
				GCC_WARN_UNDECLARED_SELECTOR = YES;
				GCC_WARN_UNINITIALIZED_AUTOS = YES_AGGRESSIVE;
				GCC_WARN_UNUSED_FUNCTION = YES;
				GCC_WARN_UNUSED_VARIABLE = YES;
				IPHONEOS_DEPLOYMENT_TARGET = 11.2;
				MTL_ENABLE_DEBUG_INFO = NO;
				SDKROOT = iphoneos;
				SWIFT_OPTIMIZATION_LEVEL = "-Owholemodule";
				VALIDATE_PRODUCT = YES;
			};
			name = Release;
		};
		1F561D3D2061C37D00574EFA /* Debug */ = {
			isa = XCBuildConfiguration;
			baseConfigurationReference = F2AEFE2D972EDEB84B494D52 /* Pods-TicketMachine.debug.xcconfig */;
			buildSettings = {
				ASSETCATALOG_COMPILER_APPICON_NAME = AppIcon;
				CODE_SIGN_STYLE = Automatic;
				DEVELOPMENT_TEAM = JBEYETDGSB;
				INFOPLIST_FILE = TicketMachine/Info.plist;
				IPHONEOS_DEPLOYMENT_TARGET = 10.2;
				LD_RUNPATH_SEARCH_PATHS = "$(inherited) @executable_path/Frameworks";
				PRODUCT_BUNDLE_IDENTIFIER = com.nMfpereira.TicketMachine;
				PRODUCT_NAME = "$(TARGET_NAME)";
				SWIFT_VERSION = 4.0;
				TARGETED_DEVICE_FAMILY = "1,2";
			};
			name = Debug;
		};
		1F561D3E2061C37D00574EFA /* Release */ = {
			isa = XCBuildConfiguration;
			baseConfigurationReference = 2662AEFD0F17057EB90DD5B7 /* Pods-TicketMachine.release.xcconfig */;
			buildSettings = {
				ASSETCATALOG_COMPILER_APPICON_NAME = AppIcon;
				CODE_SIGN_STYLE = Automatic;
				DEVELOPMENT_TEAM = JBEYETDGSB;
				INFOPLIST_FILE = TicketMachine/Info.plist;
				IPHONEOS_DEPLOYMENT_TARGET = 10.2;
				LD_RUNPATH_SEARCH_PATHS = "$(inherited) @executable_path/Frameworks";
				PRODUCT_BUNDLE_IDENTIFIER = com.nMfpereira.TicketMachine;
				PRODUCT_NAME = "$(TARGET_NAME)";
				SWIFT_VERSION = 4.0;
				TARGETED_DEVICE_FAMILY = "1,2";
			};
			name = Release;
		};
/* End XCBuildConfiguration section */

/* Begin XCConfigurationList section */
		1F561D252061C37D00574EFA /* Build configuration list for PBXProject "TicketMachine" */ = {
			isa = XCConfigurationList;
			buildConfigurations = (
				1F561D3A2061C37D00574EFA /* Debug */,
				1F561D3B2061C37D00574EFA /* Release */,
			);
			defaultConfigurationIsVisible = 0;
			defaultConfigurationName = Release;
		};
		1F561D3C2061C37D00574EFA /* Build configuration list for PBXNativeTarget "TicketMachine" */ = {
			isa = XCConfigurationList;
			buildConfigurations = (
				1F561D3D2061C37D00574EFA /* Debug */,
				1F561D3E2061C37D00574EFA /* Release */,
			);
			defaultConfigurationIsVisible = 0;
			defaultConfigurationName = Release;
		};
/* End XCConfigurationList section */
	};
	rootObject = 1F561D222061C37D00574EFA /* Project object */;
}
